
Microsoft Visual Studio Solution File, Format Version 12.00
# Visual Studio Version 17
VisualStudioVersion = 17.3.32825.248
MinimumVisualStudioVersion = 10.0.40219.1
Project("{8BC9CEB8-8B4A-11D0-8D11-00A0C91BC942}") = "OpenGL_Flightsim", "OpenGL_Flightsim\OpenGL_Flightsim.vcxproj", "{6BDFE5FF-8944-421E-B5FC-3FA9ACF3522B}"
EndProject
Global
	GlobalSection(SolutionConfigurationPlatforms) = preSolution
		Debug|x64 = Debug|x64
		Debug|x86 = Debug|x86
		Release|x64 = Release|x64
		Release|x86 = Release|x86
	EndGlobalSection
	GlobalSection(ProjectConfigurationPlatforms) = postSolution
		{6BDFE5FF-8944-421E-B5FC-3FA9ACF3522B}.Debug|x64.ActiveCfg = Debug|x64
		{6BDFE5FF-8944-421E-B5FC-3FA9ACF3522B}.Debug|x64.Build.0 = Debug|x64
		{6BDFE5FF-8944-421E-B5FC-3FA9ACF3522B}.Debug|x86.ActiveCfg = Debug|Win32
		{6BDFE5FF-8944-421E-B5FC-3FA9ACF3522B}.Debug|x86.Build.0 = Debug|Win32
		{6BDFE5FF-8944-421E-B5FC-3FA9ACF3522B}.Release|x64.ActiveCfg = Release|x64
		{6BDFE5FF-8944-421E-B5FC-3FA9ACF3522B}.Release|x64.Build.0 = Release|x64
		{6BDFE5FF-8944-421E-B5FC-3FA9ACF3522B}.Release|x86.ActiveCfg = Release|Win32
		{6BDFE5FF-8944-421E-B5FC-3FA9ACF3522B}.Release|x86.Build.0 = Release|Win32
	EndGlobalSection
	GlobalSection(SolutionProperties) = preSolution
		HideSolutionNode = FALSE
	EndGlobalSection
	GlobalSection(ExtensibilityGlobals) = postSolution
		SolutionGuid = {F0866C57-B8DC-4A79-9299-1D86CDFF868F}
	EndGlobalSection
EndGlobal
